
Microsoft Visual Studio Solution File, Format Version 12.00
# Visual Studio Version 17
VisualStudioVersion = 17.14.36518.9 d17.14
MinimumVisualStudioVersion = 10.0.40219.1
Project("{FAE04EC0-301F-11D3-BF4B-00C04F79EFBC}") = "AspNetCoreIdentityApp.Web", "AspNetCoreIdentityApp.Web\AspNetCoreIdentityApp.Web.csproj", "{BCE8EC1F-2FD8-4F32-941A-A9FE1F08B483}"
EndProject
Global
	GlobalSection(SolutionConfigurationPlatforms) = preSolution
		Debug|Any CPU = Debug|Any CPU
		Release|Any CPU = Release|Any CPU
	EndGlobalSection
	GlobalSection(ProjectConfigurationPlatforms) = postSolution
		{BCE8EC1F-2FD8-4F32-941A-A9FE1F08B483}.Debug|Any CPU.ActiveCfg = Debug|Any CPU
		{BCE8EC1F-2FD8-4F32-941A-A9FE1F08B483}.Debug|Any CPU.Build.0 = Debug|Any CPU
		{BCE8EC1F-2FD8-4F32-941A-A9FE1F08B483}.Release|Any CPU.ActiveCfg = Release|Any CPU
		{BCE8EC1F-2FD8-4F32-941A-A9FE1F08B483}.Release|Any CPU.Build.0 = Release|Any CPU
	EndGlobalSection
	GlobalSection(SolutionProperties) = preSolution
		HideSolutionNode = FALSE
	EndGlobalSection
	GlobalSection(ExtensibilityGlobals) = postSolution
		SolutionGuid = {11FA8A2F-0183-48E9-A2AF-70666A7CFD0F}
	EndGlobalSection
EndGlobal
